{
  "object": {
    "pins": [
      {
        "package": "SwiftyTeeth",
        "repositoryURL": "https://github.com/RobotPajamas/SwiftyTeeth",
        "state": {
          "branch": null,
          "revision": "31a1b2e0137e8929cf2bdeceb43c3dc4d93a44f6",
          "version": "0.7.0"
        }
      }
    ]
  },
  "version": 1
}
